// !$*UTF8*$!
{
	archiveVersion = 1;
	classes = {
	};
	objectVersion = 56;
	objects = {

/* Begin PBXBuildFile section */
		862D8CF62BB7007200747164 /* VoiceMemoApp.swift in Sources */ = {isa = PBXBuildFile; fileRef = 862D8CF52BB7007200747164 /* VoiceMemoApp.swift */; };
		862D8CFA2BB7007300747164 /* Assets.xcassets in Resources */ = {isa = PBXBuildFile; fileRef = 862D8CF92BB7007300747164 /* Assets.xcassets */; };
		862D8CFD2BB7007300747164 /* Preview Assets.xcassets in Resources */ = {isa = PBXBuildFile; fileRef = 862D8CFC2BB7007300747164 /* Preview Assets.xcassets */; };
		862D8D072BB7007400747164 /* VoiceMemoTests.swift in Sources */ = {isa = PBXBuildFile; fileRef = 862D8D062BB7007400747164 /* VoiceMemoTests.swift */; };
		862D8D112BB7007400747164 /* VoiceMemoUITests.swift in Sources */ = {isa = PBXBuildFile; fileRef = 862D8D102BB7007400747164 /* VoiceMemoUITests.swift */; };
		862D8D132BB7007400747164 /* VoiceMemoUITestsLaunchTests.swift in Sources */ = {isa = PBXBuildFile; fileRef = 862D8D122BB7007400747164 /* VoiceMemoUITestsLaunchTests.swift */; };
		862D8D252BB7099D00747164 /* LaunchScreen.storyboard in Resources */ = {isa = PBXBuildFile; fileRef = 862D8D242BB7099D00747164 /* LaunchScreen.storyboard */; };
		862E72562BC31C0000C3C79D /* VoiceMemoViewModel.swift in Sources */ = {isa = PBXBuildFile; fileRef = 862E72552BC31C0000C3C79D /* VoiceMemoViewModel.swift */; };
		865284662BC66B6E00BCD3C6 /* SettingView.swift in Sources */ = {isa = PBXBuildFile; fileRef = 865284652BC66B6E00BCD3C6 /* SettingView.swift */; };
		868947232BBFD966002C22C6 /* VoiceMemoView.swift in Sources */ = {isa = PBXBuildFile; fileRef = 868947222BBFD966002C22C6 /* VoiceMemoView.swift */; };
		868947282BC00569002C22C6 /* Double+Extensions.swift in Sources */ = {isa = PBXBuildFile; fileRef = 868947272BC00569002C22C6 /* Double+Extensions.swift */; };
		869A14922BB92EFA00B94C1F /* PathType.swift in Sources */ = {isa = PBXBuildFile; fileRef = 869A14912BB92EFA00B94C1F /* PathType.swift */; };
		869A14942BB92F2800B94C1F /* Path.swift in Sources */ = {isa = PBXBuildFile; fileRef = 869A14932BB92F2800B94C1F /* Path.swift */; };
		869A149D2BB99DF300B94C1F /* TodoListView.swift in Sources */ = {isa = PBXBuildFile; fileRef = 869A149C2BB99DF300B94C1F /* TodoListView.swift */; };
		869A149F2BB99E0D00B94C1F /* TodoListViewModel.swift in Sources */ = {isa = PBXBuildFile; fileRef = 869A149E2BB99E0D00B94C1F /* TodoListViewModel.swift */; };
		869A14A32BB9A03800B94C1F /* Date+Extensions.swift in Sources */ = {isa = PBXBuildFile; fileRef = 869A14A22BB9A03800B94C1F /* Date+Extensions.swift */; };
		869A14A72BB9A21D00B94C1F /* CustomNavigationBar.swift in Sources */ = {isa = PBXBuildFile; fileRef = 869A14A62BB9A21D00B94C1F /* CustomNavigationBar.swift */; };
		869A14A92BB9A24100B94C1F /* NavigationBtnType.swift in Sources */ = {isa = PBXBuildFile; fileRef = 869A14A82BB9A24100B94C1F /* NavigationBtnType.swift */; };
		869A14AD2BB9A4B800B94C1F /* Todo.swift in Sources */ = {isa = PBXBuildFile; fileRef = 869A14AC2BB9A4B800B94C1F /* Todo.swift */; };
		869EDE112BC5808F00D0E4BF /* NotificationService.swift in Sources */ = {isa = PBXBuildFile; fileRef = 869EDE102BC5808F00D0E4BF /* NotificationService.swift */; };
		869EDE142BC5822700D0E4BF /* AppDelegate.swift in Sources */ = {isa = PBXBuildFile; fileRef = 869EDE132BC5822700D0E4BF /* AppDelegate.swift */; };
		86AC2A522BBEB19B00256DBD /* MemoListView.swift in Sources */ = {isa = PBXBuildFile; fileRef = 86AC2A512BBEB19B00256DBD /* MemoListView.swift */; };
		86AC2A552BBEB28600256DBD /* Memo.swift in Sources */ = {isa = PBXBuildFile; fileRef = 86AC2A542BBEB28600256DBD /* Memo.swift */; };
		86AC2A572BBEB2B200256DBD /* MemoListViewModel.swift in Sources */ = {isa = PBXBuildFile; fileRef = 86AC2A562BBEB2B200256DBD /* MemoListViewModel.swift */; };
		86AC2A592BBEB45100256DBD /* MemoView.swift in Sources */ = {isa = PBXBuildFile; fileRef = 86AC2A582BBEB45100256DBD /* MemoView.swift */; };
		86AC2A5C2BBEB46400256DBD /* MemoViewModel.swift in Sources */ = {isa = PBXBuildFile; fileRef = 86AC2A5B2BBEB46400256DBD /* MemoViewModel.swift */; };
		86AD1DCF2BB7DDD70069B1B7 /* Color+Extesnions.swift in Sources */ = {isa = PBXBuildFile; fileRef = 86AD1DCE2BB7DDD70069B1B7 /* Color+Extesnions.swift */; };
		86AD1DD32BB7E2190069B1B7 /* OnboardingContent.swift in Sources */ = {isa = PBXBuildFile; fileRef = 86AD1DD22BB7E2190069B1B7 /* OnboardingContent.swift */; };
		86AD1DD62BB7E2820069B1B7 /* OnboardingViewModel.swift in Sources */ = {isa = PBXBuildFile; fileRef = 86AD1DD52BB7E2820069B1B7 /* OnboardingViewModel.swift */; };
		86AD1DD92BB7E4890069B1B7 /* OnboardingView.swift in Sources */ = {isa = PBXBuildFile; fileRef = 86AD1DD82BB7E4890069B1B7 /* OnboardingView.swift */; };
		86D36D812BC5205F002FC722 /* TimerViewModel.swift in Sources */ = {isa = PBXBuildFile; fileRef = 86D36D802BC5205F002FC722 /* TimerViewModel.swift */; };
		86D36D832BC52064002FC722 /* TimerView.swift in Sources */ = {isa = PBXBuildFile; fileRef = 86D36D822BC52064002FC722 /* TimerView.swift */; };
		86D36D852BC52078002FC722 /* Time.swift in Sources */ = {isa = PBXBuildFile; fileRef = 86D36D842BC52078002FC722 /* Time.swift */; };
		86D36D882BC5218D002FC722 /* Int+Extensions.swift in Sources */ = {isa = PBXBuildFile; fileRef = 86D36D872BC5218D002FC722 /* Int+Extensions.swift */; };
		86D9D1962BBAF7D1001B0119 /* TodoViewModel.swift in Sources */ = {isa = PBXBuildFile; fileRef = 86D9D1952BBAF7D1001B0119 /* TodoViewModel.swift */; };
		86D9D19B2BBAF85D001B0119 /* TodoView.swift in Sources */ = {isa = PBXBuildFile; fileRef = 86D9D19A2BBAF85D001B0119 /* TodoView.swift */; };
/* End PBXBuildFile section */

/* Begin PBXContainerItemProxy section */
		862D8D032BB7007400747164 /* PBXContainerItemProxy */ = {
			isa = PBXContainerItemProxy;
			containerPortal = 862D8CEA2BB7007200747164 /* Project object */;
			proxyType = 1;
			remoteGlobalIDString = 862D8CF12BB7007200747164;
			remoteInfo = VoiceMemo;
		};
		862D8D0D2BB7007400747164 /* PBXContainerItemProxy */ = {
			isa = PBXContainerItemProxy;
			containerPortal = 862D8CEA2BB7007200747164 /* Project object */;
			proxyType = 1;
			remoteGlobalIDString = 862D8CF12BB7007200747164;
			remoteInfo = VoiceMemo;
		};
/* End PBXContainerItemProxy section */

/* Begin PBXFileReference section */
		862D8CF22BB7007200747164 /* VoiceMemo.app */ = {isa = PBXFileReference; explicitFileType = wrapper.application; includeInIndex = 0; path = VoiceMemo.app; sourceTree = BUILT_PRODUCTS_DIR; };
		862D8CF52BB7007200747164 /* VoiceMemoApp.swift */ = {isa = PBXFileReference; lastKnownFileType = sourcecode.swift; path = VoiceMemoApp.swift; sourceTree = "<group>"; };
		862D8CF92BB7007300747164 /* Assets.xcassets */ = {isa = PBXFileReference; lastKnownFileType = folder.assetcatalog; path = Assets.xcassets; sourceTree = "<group>"; };
		862D8CFC2BB7007300747164 /* Preview Assets.xcassets */ = {isa = PBXFileReference; lastKnownFileType = folder.assetcatalog; path = "Preview Assets.xcassets"; sourceTree = "<group>"; };
		862D8D022BB7007400747164 /* VoiceMemoTests.xctest */ = {isa = PBXFileReference; explicitFileType = wrapper.cfbundle; includeInIndex = 0; path = VoiceMemoTests.xctest; sourceTree = BUILT_PRODUCTS_DIR; };
		862D8D062BB7007400747164 /* VoiceMemoTests.swift */ = {isa = PBXFileReference; lastKnownFileType = sourcecode.swift; path = VoiceMemoTests.swift; sourceTree = "<group>"; };
		862D8D0C2BB7007400747164 /* VoiceMemoUITests.xctest */ = {isa = PBXFileReference; explicitFileType = wrapper.cfbundle; includeInIndex = 0; path = VoiceMemoUITests.xctest; sourceTree = BUILT_PRODUCTS_DIR; };
		862D8D102BB7007400747164 /* VoiceMemoUITests.swift */ = {isa = PBXFileReference; lastKnownFileType = sourcecode.swift; path = VoiceMemoUITests.swift; sourceTree = "<group>"; };
		862D8D122BB7007400747164 /* VoiceMemoUITestsLaunchTests.swift */ = {isa = PBXFileReference; lastKnownFileType = sourcecode.swift; path = VoiceMemoUITestsLaunchTests.swift; sourceTree = "<group>"; };
		862D8D242BB7099D00747164 /* LaunchScreen.storyboard */ = {isa = PBXFileReference; fileEncoding = 4; lastKnownFileType = file.storyboard; path = LaunchScreen.storyboard; sourceTree = "<group>"; };
		862E72552BC31C0000C3C79D /* VoiceMemoViewModel.swift */ = {isa = PBXFileReference; lastKnownFileType = sourcecode.swift; path = VoiceMemoViewModel.swift; sourceTree = "<group>"; };
		865284652BC66B6E00BCD3C6 /* SettingView.swift */ = {isa = PBXFileReference; lastKnownFileType = sourcecode.swift; path = SettingView.swift; sourceTree = "<group>"; };
		868947222BBFD966002C22C6 /* VoiceMemoView.swift */ = {isa = PBXFileReference; lastKnownFileType = sourcecode.swift; path = VoiceMemoView.swift; sourceTree = "<group>"; };
		868947272BC00569002C22C6 /* Double+Extensions.swift */ = {isa = PBXFileReference; lastKnownFileType = sourcecode.swift; path = "Double+Extensions.swift"; sourceTree = "<group>"; };
		869A14912BB92EFA00B94C1F /* PathType.swift */ = {isa = PBXFileReference; lastKnownFileType = sourcecode.swift; path = PathType.swift; sourceTree = "<group>"; };
		869A14932BB92F2800B94C1F /* Path.swift */ = {isa = PBXFileReference; lastKnownFileType = sourcecode.swift; path = Path.swift; sourceTree = "<group>"; };
		869A149C2BB99DF300B94C1F /* TodoListView.swift */ = {isa = PBXFileReference; lastKnownFileType = sourcecode.swift; path = TodoListView.swift; sourceTree = "<group>"; };
		869A149E2BB99E0D00B94C1F /* TodoListViewModel.swift */ = {isa = PBXFileReference; lastKnownFileType = sourcecode.swift; path = TodoListViewModel.swift; sourceTree = "<group>"; };
		869A14A22BB9A03800B94C1F /* Date+Extensions.swift */ = {isa = PBXFileReference; lastKnownFileType = sourcecode.swift; path = "Date+Extensions.swift"; sourceTree = "<group>"; };
		869A14A62BB9A21D00B94C1F /* CustomNavigationBar.swift */ = {isa = PBXFileReference; lastKnownFileType = sourcecode.swift; path = CustomNavigationBar.swift; sourceTree = "<group>"; };
		869A14A82BB9A24100B94C1F /* NavigationBtnType.swift */ = {isa = PBXFileReference; lastKnownFileType = sourcecode.swift; path = NavigationBtnType.swift; sourceTree = "<group>"; };
		869A14AC2BB9A4B800B94C1F /* Todo.swift */ = {isa = PBXFileReference; lastKnownFileType = sourcecode.swift; path = Todo.swift; sourceTree = "<group>"; };
		869EDE102BC5808F00D0E4BF /* NotificationService.swift */ = {isa = PBXFileReference; lastKnownFileType = sourcecode.swift; path = NotificationService.swift; sourceTree = "<group>"; };
		869EDE132BC5822700D0E4BF /* AppDelegate.swift */ = {isa = PBXFileReference; lastKnownFileType = sourcecode.swift; path = AppDelegate.swift; sourceTree = "<group>"; };
		86AC2A512BBEB19B00256DBD /* MemoListView.swift */ = {isa = PBXFileReference; lastKnownFileType = sourcecode.swift; path = MemoListView.swift; sourceTree = "<group>"; };
		86AC2A542BBEB28600256DBD /* Memo.swift */ = {isa = PBXFileReference; lastKnownFileType = sourcecode.swift; path = Memo.swift; sourceTree = "<group>"; };
		86AC2A562BBEB2B200256DBD /* MemoListViewModel.swift */ = {isa = PBXFileReference; lastKnownFileType = sourcecode.swift; path = MemoListViewModel.swift; sourceTree = "<group>"; };
		86AC2A582BBEB45100256DBD /* MemoView.swift */ = {isa = PBXFileReference; lastKnownFileType = sourcecode.swift; path = MemoView.swift; sourceTree = "<group>"; };
		86AC2A5B2BBEB46400256DBD /* MemoViewModel.swift */ = {isa = PBXFileReference; lastKnownFileType = sourcecode.swift; path = MemoViewModel.swift; sourceTree = "<group>"; };
		86AD1DCE2BB7DDD70069B1B7 /* Color+Extesnions.swift */ = {isa = PBXFileReference; lastKnownFileType = sourcecode.swift; path = "Color+Extesnions.swift"; sourceTree = "<group>"; };
		86AD1DD22BB7E2190069B1B7 /* OnboardingContent.swift */ = {isa = PBXFileReference; lastKnownFileType = sourcecode.swift; path = OnboardingContent.swift; sourceTree = "<group>"; };
		86AD1DD52BB7E2820069B1B7 /* OnboardingViewModel.swift */ = {isa = PBXFileReference; lastKnownFileType = sourcecode.swift; path = OnboardingViewModel.swift; sourceTree = "<group>"; };
		86AD1DD82BB7E4890069B1B7 /* OnboardingView.swift */ = {isa = PBXFileReference; lastKnownFileType = sourcecode.swift; path = OnboardingView.swift; sourceTree = "<group>"; };
		86D36D802BC5205F002FC722 /* TimerViewModel.swift */ = {isa = PBXFileReference; lastKnownFileType = sourcecode.swift; path = TimerViewModel.swift; sourceTree = "<group>"; };
		86D36D822BC52064002FC722 /* TimerView.swift */ = {isa = PBXFileReference; lastKnownFileType = sourcecode.swift; path = TimerView.swift; sourceTree = "<group>"; };
		86D36D842BC52078002FC722 /* Time.swift */ = {isa = PBXFileReference; lastKnownFileType = sourcecode.swift; path = Time.swift; sourceTree = "<group>"; };
		86D36D872BC5218D002FC722 /* Int+Extensions.swift */ = {isa = PBXFileReference; lastKnownFileType = sourcecode.swift; path = "Int+Extensions.swift"; sourceTree = "<group>"; };
		86D9D1952BBAF7D1001B0119 /* TodoViewModel.swift */ = {isa = PBXFileReference; lastKnownFileType = sourcecode.swift; path = TodoViewModel.swift; sourceTree = "<group>"; };
		86D9D19A2BBAF85D001B0119 /* TodoView.swift */ = {isa = PBXFileReference; lastKnownFileType = sourcecode.swift; path = TodoView.swift; sourceTree = "<group>"; };
/* End PBXFileReference section */

/* Begin PBXFrameworksBuildPhase section */
		862D8CEF2BB7007200747164 /* Frameworks */ = {
			isa = PBXFrameworksBuildPhase;
			buildActionMask = 2147483647;
			files = (
			);
			runOnlyForDeploymentPostprocessing = 0;
		};
		862D8CFF2BB7007400747164 /* Frameworks */ = {
			isa = PBXFrameworksBuildPhase;
			buildActionMask = 2147483647;
			files = (
			);
			runOnlyForDeploymentPostprocessing = 0;
		};
		862D8D092BB7007400747164 /* Frameworks */ = {
			isa = PBXFrameworksBuildPhase;
			buildActionMask = 2147483647;
			files = (
			);
			runOnlyForDeploymentPostprocessing = 0;
		};
/* End PBXFrameworksBuildPhase section */

/* Begin PBXGroup section */
		862D8CE92BB7007200747164 = {
			isa = PBXGroup;
			children = (
				862D8CF42BB7007200747164 /* VoiceMemo */,
				862D8D052BB7007400747164 /* VoiceMemoTests */,
				862D8D0F2BB7007400747164 /* VoiceMemoUITests */,
				862D8CF32BB7007200747164 /* Products */,
			);
			sourceTree = "<group>";
		};
		862D8CF32BB7007200747164 /* Products */ = {
			isa = PBXGroup;
			children = (
				862D8CF22BB7007200747164 /* VoiceMemo.app */,
				862D8D022BB7007400747164 /* VoiceMemoTests.xctest */,
				862D8D0C2BB7007400747164 /* VoiceMemoUITests.xctest */,
			);
			name = Products;
			sourceTree = "<group>";
		};
		862D8CF42BB7007200747164 /* VoiceMemo */ = {
			isa = PBXGroup;
			children = (
				86AD1DD02BB7E03A0069B1B7 /* App */,
				869A14A12BB99FCC00B94C1F /* Feature */,
				86AD1DD42BB7E21D0069B1B7 /* Model */,
				869EDE0F2BC5807100D0E4BF /* Core */,
				869A14AB2BB9A48400B94C1F /* Component */,
				862D8CF92BB7007300747164 /* Assets.xcassets */,
				862D8CFB2BB7007300747164 /* Preview Content */,
			);
			path = VoiceMemo;
			sourceTree = "<group>";
		};
		862D8CFB2BB7007300747164 /* Preview Content */ = {
			isa = PBXGroup;
			children = (
				862D8CFC2BB7007300747164 /* Preview Assets.xcassets */,
			);
			path = "Preview Content";
			sourceTree = "<group>";
		};
		862D8D052BB7007400747164 /* VoiceMemoTests */ = {
			isa = PBXGroup;
			children = (
				862D8D062BB7007400747164 /* VoiceMemoTests.swift */,
			);
			path = VoiceMemoTests;
			sourceTree = "<group>";
		};
		862D8D0F2BB7007400747164 /* VoiceMemoUITests */ = {
			isa = PBXGroup;
			children = (
				862D8D102BB7007400747164 /* VoiceMemoUITests.swift */,
				862D8D122BB7007400747164 /* VoiceMemoUITestsLaunchTests.swift */,
			);
			path = VoiceMemoUITests;
			sourceTree = "<group>";
		};
		865284672BC66B7700BCD3C6 /* Setting */ = {
			isa = PBXGroup;
			children = (
				865284652BC66B6E00BCD3C6 /* SettingView.swift */,
			);
			path = Setting;
			sourceTree = "<group>";
		};
		868947242BBFD98C002C22C6 /* VoiceMemo */ = {
			isa = PBXGroup;
			children = (
				868947222BBFD966002C22C6 /* VoiceMemoView.swift */,
				862E72552BC31C0000C3C79D /* VoiceMemoViewModel.swift */,
			);
			path = VoiceMemo;
			sourceTree = "<group>";
		};
		869A14952BB92F5E00B94C1F /* Path */ = {
			isa = PBXGroup;
			children = (
				869A14912BB92EFA00B94C1F /* PathType.swift */,
				869A14932BB92F2800B94C1F /* Path.swift */,
			);
			path = Path;
			sourceTree = "<group>";
		};
		869A14A02BB99E1200B94C1F /* TodoList */ = {
			isa = PBXGroup;
			children = (
				86D9D1992BBAF7DA001B0119 /* Todo */,
				869A149C2BB99DF300B94C1F /* TodoListView.swift */,
				869A149E2BB99E0D00B94C1F /* TodoListViewModel.swift */,
			);
			path = TodoList;
			sourceTree = "<group>";
		};
		869A14A12BB99FCC00B94C1F /* Feature */ = {
			isa = PBXGroup;
			children = (
				86AD1DD72BB7E28D0069B1B7 /* Onboarding */,
				869A14A02BB99E1200B94C1F /* TodoList */,
				86AC2A532BBEB20C00256DBD /* MemoList */,
				868947242BBFD98C002C22C6 /* VoiceMemo */,
				86D36D862BC52092002FC722 /* Timer */,
				865284672BC66B7700BCD3C6 /* Setting */,
			);
			path = Feature;
			sourceTree = "<group>";
		};
		869A14AA2BB9A29400B94C1F /* NavigationBar */ = {
			isa = PBXGroup;
			children = (
				869A14A62BB9A21D00B94C1F /* CustomNavigationBar.swift */,
				869A14A82BB9A24100B94C1F /* NavigationBtnType.swift */,
			);
			path = NavigationBar;
			sourceTree = "<group>";
		};
		869A14AB2BB9A48400B94C1F /* Component */ = {
			isa = PBXGroup;
			children = (
				869A14AA2BB9A29400B94C1F /* NavigationBar */,
			);
			path = Component;
			sourceTree = "<group>";
		};
		869EDE0F2BC5807100D0E4BF /* Core */ = {
			isa = PBXGroup;
			children = (
				86AD1DD12BB7E0510069B1B7 /* Extension */,
				869EDE122BC5809300D0E4BF /* Service */,
			);
			path = Core;
			sourceTree = "<group>";
		};
		869EDE122BC5809300D0E4BF /* Service */ = {
			isa = PBXGroup;
			children = (
				869EDE102BC5808F00D0E4BF /* NotificationService.swift */,
			);
			path = Service;
			sourceTree = "<group>";
		};
		86AC2A532BBEB20C00256DBD /* MemoList */ = {
			isa = PBXGroup;
			children = (
				86AC2A5A2BBEB45500256DBD /* Memo */,
				86AC2A512BBEB19B00256DBD /* MemoListView.swift */,
				86AC2A562BBEB2B200256DBD /* MemoListViewModel.swift */,
			);
			path = MemoList;
			sourceTree = "<group>";
		};
		86AC2A5A2BBEB45500256DBD /* Memo */ = {
			isa = PBXGroup;
			children = (
				86AC2A582BBEB45100256DBD /* MemoView.swift */,
				86AC2A5B2BBEB46400256DBD /* MemoViewModel.swift */,
			);
			path = Memo;
			sourceTree = "<group>";
		};
		86AD1DD02BB7E03A0069B1B7 /* App */ = {
			isa = PBXGroup;
			children = (
				862D8CF52BB7007200747164 /* VoiceMemoApp.swift */,
				869EDE132BC5822700D0E4BF /* AppDelegate.swift */,
				862D8D242BB7099D00747164 /* LaunchScreen.storyboard */,
			);
			path = App;
			sourceTree = "<group>";
		};
		86AD1DD12BB7E0510069B1B7 /* Extension */ = {
			isa = PBXGroup;
			children = (
				86AD1DCE2BB7DDD70069B1B7 /* Color+Extesnions.swift */,
				869A14A22BB9A03800B94C1F /* Date+Extensions.swift */,
				868947272BC00569002C22C6 /* Double+Extensions.swift */,
				86D36D872BC5218D002FC722 /* Int+Extensions.swift */,
			);
			path = Extension;
			sourceTree = "<group>";
		};
		86AD1DD42BB7E21D0069B1B7 /* Model */ = {
			isa = PBXGroup;
			children = (
				869A14952BB92F5E00B94C1F /* Path */,
				86AC2A542BBEB28600256DBD /* Memo.swift */,
				86AD1DD22BB7E2190069B1B7 /* OnboardingContent.swift */,
				869A14AC2BB9A4B800B94C1F /* Todo.swift */,
				86D36D842BC52078002FC722 /* Time.swift */,
			);
			path = Model;
			sourceTree = "<group>";
		};
		86AD1DD72BB7E28D0069B1B7 /* Onboarding */ = {
			isa = PBXGroup;
			children = (
				86AD1DD82BB7E4890069B1B7 /* OnboardingView.swift */,
				86AD1DD52BB7E2820069B1B7 /* OnboardingViewModel.swift */,
			);
			path = Onboarding;
			sourceTree = "<group>";
		};
		86D36D862BC52092002FC722 /* Timer */ = {
			isa = PBXGroup;
			children = (
				86D36D822BC52064002FC722 /* TimerView.swift */,
				86D36D802BC5205F002FC722 /* TimerViewModel.swift */,
			);
			path = Timer;
			sourceTree = "<group>";
		};
		86D9D1992BBAF7DA001B0119 /* Todo */ = {
			isa = PBXGroup;
			children = (
				86D9D19A2BBAF85D001B0119 /* TodoView.swift */,
				86D9D1952BBAF7D1001B0119 /* TodoViewModel.swift */,
			);
			path = Todo;
			sourceTree = "<group>";
		};
/* End PBXGroup section */

/* Begin PBXNativeTarget section */
		862D8CF12BB7007200747164 /* VoiceMemo */ = {
			isa = PBXNativeTarget;
			buildConfigurationList = 862D8D162BB7007400747164 /* Build configuration list for PBXNativeTarget "VoiceMemo" */;
			buildPhases = (
				862D8CEE2BB7007200747164 /* Sources */,
				862D8CEF2BB7007200747164 /* Frameworks */,
				862D8CF02BB7007200747164 /* Resources */,
			);
			buildRules = (
			);
			dependencies = (
			);
			name = VoiceMemo;
			productName = VoiceMemo;
			productReference = 862D8CF22BB7007200747164 /* VoiceMemo.app */;
			productType = "com.apple.product-type.application";
		};
		862D8D012BB7007400747164 /* VoiceMemoTests */ = {
			isa = PBXNativeTarget;
			buildConfigurationList = 862D8D192BB7007400747164 /* Build configuration list for PBXNativeTarget "VoiceMemoTests" */;
			buildPhases = (
				862D8CFE2BB7007400747164 /* Sources */,
				862D8CFF2BB7007400747164 /* Frameworks */,
				862D8D002BB7007400747164 /* Resources */,
			);
			buildRules = (
			);
			dependencies = (
				862D8D042BB7007400747164 /* PBXTargetDependency */,
			);
			name = VoiceMemoTests;
			productName = VoiceMemoTests;
			productReference = 862D8D022BB7007400747164 /* VoiceMemoTests.xctest */;
			productType = "com.apple.product-type.bundle.unit-test";
		};
		862D8D0B2BB7007400747164 /* VoiceMemoUITests */ = {
			isa = PBXNativeTarget;
			buildConfigurationList = 862D8D1C2BB7007400747164 /* Build configuration list for PBXNativeTarget "VoiceMemoUITests" */;
			buildPhases = (
				862D8D082BB7007400747164 /* Sources */,
				862D8D092BB7007400747164 /* Frameworks */,
				862D8D0A2BB7007400747164 /* Resources */,
			);
			buildRules = (
			);
			dependencies = (
				862D8D0E2BB7007400747164 /* PBXTargetDependency */,
			);
			name = VoiceMemoUITests;
			productName = VoiceMemoUITests;
			productReference = 862D8D0C2BB7007400747164 /* VoiceMemoUITests.xctest */;
			productType = "com.apple.product-type.bundle.ui-testing";
		};
/* End PBXNativeTarget section */

/* Begin PBXProject section */
		862D8CEA2BB7007200747164 /* Project object */ = {
			isa = PBXProject;
			attributes = {
				BuildIndependentTargetsInParallel = 1;
				LastSwiftUpdateCheck = 1500;
				LastUpgradeCheck = 1500;
				TargetAttributes = {
					862D8CF12BB7007200747164 = {
						CreatedOnToolsVersion = 15.0.1;
					};
					862D8D012BB7007400747164 = {
						CreatedOnToolsVersion = 15.0.1;
						TestTargetID = 862D8CF12BB7007200747164;
					};
					862D8D0B2BB7007400747164 = {
						CreatedOnToolsVersion = 15.0.1;
						TestTargetID = 862D8CF12BB7007200747164;
					};
				};
			};
			buildConfigurationList = 862D8CED2BB7007200747164 /* Build configuration list for PBXProject "VoiceMemo" */;
			compatibilityVersion = "Xcode 14.0";
			developmentRegion = en;
			hasScannedForEncodings = 0;
			knownRegions = (
				en,
				Base,
			);
			mainGroup = 862D8CE92BB7007200747164;
			productRefGroup = 862D8CF32BB7007200747164 /* Products */;
			projectDirPath = "";
			projectRoot = "";
			targets = (
				862D8CF12BB7007200747164 /* VoiceMemo */,
				862D8D012BB7007400747164 /* VoiceMemoTests */,
				862D8D0B2BB7007400747164 /* VoiceMemoUITests */,
			);
		};
/* End PBXProject section */

/* Begin PBXResourcesBuildPhase section */
		862D8CF02BB7007200747164 /* Resources */ = {
			isa = PBXResourcesBuildPhase;
			buildActionMask = 2147483647;
			files = (
				862D8D252BB7099D00747164 /* LaunchScreen.storyboard in Resources */,
				862D8CFD2BB7007300747164 /* Preview Assets.xcassets in Resources */,
				862D8CFA2BB7007300747164 /* Assets.xcassets in Resources */,
			);
			runOnlyForDeploymentPostprocessing = 0;
		};
		862D8D002BB7007400747164 /* Resources */ = {
			isa = PBXResourcesBuildPhase;
			buildActionMask = 2147483647;
			files = (
			);
			runOnlyForDeploymentPostprocessing = 0;
		};
		862D8D0A2BB7007400747164 /* Resources */ = {
			isa = PBXResourcesBuildPhase;
			buildActionMask = 2147483647;
			files = (
			);
			runOnlyForDeploymentPostprocessing = 0;
		};
/* End PBXResourcesBuildPhase section */

/* Begin PBXSourcesBuildPhase section */
		862D8CEE2BB7007200747164 /* Sources */ = {
			isa = PBXSourcesBuildPhase;
			buildActionMask = 2147483647;
			files = (
				869A14A72BB9A21D00B94C1F /* CustomNavigationBar.swift in Sources */,
				86AD1DD62BB7E2820069B1B7 /* OnboardingViewModel.swift in Sources */,
				86AC2A522BBEB19B00256DBD /* MemoListView.swift in Sources */,
				869A14942BB92F2800B94C1F /* Path.swift in Sources */,
				869EDE142BC5822700D0E4BF /* AppDelegate.swift in Sources */,
				86D36D812BC5205F002FC722 /* TimerViewModel.swift in Sources */,
				869A149D2BB99DF300B94C1F /* TodoListView.swift in Sources */,
				86D36D852BC52078002FC722 /* Time.swift in Sources */,
				869A14A32BB9A03800B94C1F /* Date+Extensions.swift in Sources */,
				86AC2A592BBEB45100256DBD /* MemoView.swift in Sources */,
				86AD1DD32BB7E2190069B1B7 /* OnboardingContent.swift in Sources */,
				869A149F2BB99E0D00B94C1F /* TodoListViewModel.swift in Sources */,
				86D36D832BC52064002FC722 /* TimerView.swift in Sources */,
				86D36D882BC5218D002FC722 /* Int+Extensions.swift in Sources */,
				86AC2A572BBEB2B200256DBD /* MemoListViewModel.swift in Sources */,
				869A14922BB92EFA00B94C1F /* PathType.swift in Sources */,
				869A14A92BB9A24100B94C1F /* NavigationBtnType.swift in Sources */,
				869EDE112BC5808F00D0E4BF /* NotificationService.swift in Sources */,
				86AC2A5C2BBEB46400256DBD /* MemoViewModel.swift in Sources */,
				86AC2A552BBEB28600256DBD /* Memo.swift in Sources */,
				86AD1DD92BB7E4890069B1B7 /* OnboardingView.swift in Sources */,
				865284662BC66B6E00BCD3C6 /* SettingView.swift in Sources */,
				862E72562BC31C0000C3C79D /* VoiceMemoViewModel.swift in Sources */,
				862D8CF62BB7007200747164 /* VoiceMemoApp.swift in Sources */,
				869A14AD2BB9A4B800B94C1F /* Todo.swift in Sources */,
				86D9D19B2BBAF85D001B0119 /* TodoView.swift in Sources */,
				86D9D1962BBAF7D1001B0119 /* TodoViewModel.swift in Sources */,
				86AD1DCF2BB7DDD70069B1B7 /* Color+Extesnions.swift in Sources */,
				868947282BC00569002C22C6 /* Double+Extensions.swift in Sources */,
				868947232BBFD966002C22C6 /* VoiceMemoView.swift in Sources */,
			);
			runOnlyForDeploymentPostprocessing = 0;
		};
		862D8CFE2BB7007400747164 /* Sources */ = {
			isa = PBXSourcesBuildPhase;
			buildActionMask = 2147483647;
			files = (
				862D8D072BB7007400747164 /* VoiceMemoTests.swift in Sources */,
			);
			runOnlyForDeploymentPostprocessing = 0;
		};
		862D8D082BB7007400747164 /* Sources */ = {
			isa = PBXSourcesBuildPhase;
			buildActionMask = 2147483647;
			files = (
				862D8D112BB7007400747164 /* VoiceMemoUITests.swift in Sources */,
				862D8D132BB7007400747164 /* VoiceMemoUITestsLaunchTests.swift in Sources */,
			);
			runOnlyForDeploymentPostprocessing = 0;
		};
/* End PBXSourcesBuildPhase section */

/* Begin PBXTargetDependency section */
		862D8D042BB7007400747164 /* PBXTargetDependency */ = {
			isa = PBXTargetDependency;
			target = 862D8CF12BB7007200747164 /* VoiceMemo */;
			targetProxy = 862D8D032BB7007400747164 /* PBXContainerItemProxy */;
		};
		862D8D0E2BB7007400747164 /* PBXTargetDependency */ = {
			isa = PBXTargetDependency;
			target = 862D8CF12BB7007200747164 /* VoiceMemo */;
			targetProxy = 862D8D0D2BB7007400747164 /* PBXContainerItemProxy */;
		};
/* End PBXTargetDependency section */

/* Begin XCBuildConfiguration section */
		862D8D142BB7007400747164 /* Debug */ = {
			isa = XCBuildConfiguration;
			buildSettings = {
				ALWAYS_SEARCH_USER_PATHS = NO;
				ASSETCATALOG_COMPILER_GENERATE_SWIFT_ASSET_SYMBOL_EXTENSIONS = YES;
				CLANG_ANALYZER_NONNULL = YES;
				CLANG_ANALYZER_NUMBER_OBJECT_CONVERSION = YES_AGGRESSIVE;
				CLANG_CXX_LANGUAGE_STANDARD = "gnu++20";
				CLANG_ENABLE_MODULES = YES;
				CLANG_ENABLE_OBJC_ARC = YES;
				CLANG_ENABLE_OBJC_WEAK = YES;
				CLANG_WARN_BLOCK_CAPTURE_AUTORELEASING = YES;
				CLANG_WARN_BOOL_CONVERSION = YES;
				CLANG_WARN_COMMA = YES;
				CLANG_WARN_CONSTANT_CONVERSION = YES;
				CLANG_WARN_DEPRECATED_OBJC_IMPLEMENTATIONS = YES;
				CLANG_WARN_DIRECT_OBJC_ISA_USAGE = YES_ERROR;
				CLANG_WARN_DOCUMENTATION_COMMENTS = YES;
				CLANG_WARN_EMPTY_BODY = YES;
				CLANG_WARN_ENUM_CONVERSION = YES;
				CLANG_WARN_INFINITE_RECURSION = YES;
				CLANG_WARN_INT_CONVERSION = YES;
				CLANG_WARN_NON_LITERAL_NULL_CONVERSION = YES;
				CLANG_WARN_OBJC_IMPLICIT_RETAIN_SELF = YES;
				CLANG_WARN_OBJC_LITERAL_CONVERSION = YES;
				CLANG_WARN_OBJC_ROOT_CLASS = YES_ERROR;
				CLANG_WARN_QUOTED_INCLUDE_IN_FRAMEWORK_HEADER = YES;
				CLANG_WARN_RANGE_LOOP_ANALYSIS = YES;
				CLANG_WARN_STRICT_PROTOTYPES = YES;
				CLANG_WARN_SUSPICIOUS_MOVE = YES;
				CLANG_WARN_UNGUARDED_AVAILABILITY = YES_AGGRESSIVE;
				CLANG_WARN_UNREACHABLE_CODE = YES;
				CLANG_WARN__DUPLICATE_METHOD_MATCH = YES;
				COPY_PHASE_STRIP = NO;
				DEBUG_INFORMATION_FORMAT = dwarf;
				ENABLE_STRICT_OBJC_MSGSEND = YES;
				ENABLE_TESTABILITY = YES;
				ENABLE_USER_SCRIPT_SANDBOXING = YES;
				GCC_C_LANGUAGE_STANDARD = gnu17;
				GCC_DYNAMIC_NO_PIC = NO;
				GCC_NO_COMMON_BLOCKS = YES;
				GCC_OPTIMIZATION_LEVEL = 0;
				GCC_PREPROCESSOR_DEFINITIONS = (
					"DEBUG=1",
					"$(inherited)",
				);
				GCC_WARN_64_TO_32_BIT_CONVERSION = YES;
				GCC_WARN_ABOUT_RETURN_TYPE = YES_ERROR;
				GCC_WARN_UNDECLARED_SELECTOR = YES;
				GCC_WARN_UNINITIALIZED_AUTOS = YES_AGGRESSIVE;
				GCC_WARN_UNUSED_FUNCTION = YES;
				GCC_WARN_UNUSED_VARIABLE = YES;
				IPHONEOS_DEPLOYMENT_TARGET = 17.0;
				LOCALIZATION_PREFERS_STRING_CATALOGS = YES;
				MTL_ENABLE_DEBUG_INFO = INCLUDE_SOURCE;
				MTL_FAST_MATH = YES;
				ONLY_ACTIVE_ARCH = YES;
				SDKROOT = iphoneos;
				SWIFT_ACTIVE_COMPILATION_CONDITIONS = "DEBUG $(inherited)";
				SWIFT_OPTIMIZATION_LEVEL = "-Onone";
			};
			name = Debug;
		};
		862D8D152BB7007400747164 /* Release */ = {
			isa = XCBuildConfiguration;
			buildSettings = {
				ALWAYS_SEARCH_USER_PATHS = NO;
				ASSETCATALOG_COMPILER_GENERATE_SWIFT_ASSET_SYMBOL_EXTENSIONS = YES;
				CLANG_ANALYZER_NONNULL = YES;
				CLANG_ANALYZER_NUMBER_OBJECT_CONVERSION = YES_AGGRESSIVE;
				CLANG_CXX_LANGUAGE_STANDARD = "gnu++20";
				CLANG_ENABLE_MODULES = YES;
				CLANG_ENABLE_OBJC_ARC = YES;
				CLANG_ENABLE_OBJC_WEAK = YES;
				CLANG_WARN_BLOCK_CAPTURE_AUTORELEASING = YES;
				CLANG_WARN_BOOL_CONVERSION = YES;
				CLANG_WARN_COMMA = YES;
				CLANG_WARN_CONSTANT_CONVERSION = YES;
				CLANG_WARN_DEPRECATED_OBJC_IMPLEMENTATIONS = YES;
				CLANG_WARN_DIRECT_OBJC_ISA_USAGE = YES_ERROR;
				CLANG_WARN_DOCUMENTATION_COMMENTS = YES;
				CLANG_WARN_EMPTY_BODY = YES;
				CLANG_WARN_ENUM_CONVERSION = YES;
				CLANG_WARN_INFINITE_RECURSION = YES;
				CLANG_WARN_INT_CONVERSION = YES;
				CLANG_WARN_NON_LITERAL_NULL_CONVERSION = YES;
				CLANG_WARN_OBJC_IMPLICIT_RETAIN_SELF = YES;
				CLANG_WARN_OBJC_LITERAL_CONVERSION = YES;
				CLANG_WARN_OBJC_ROOT_CLASS = YES_ERROR;
				CLANG_WARN_QUOTED_INCLUDE_IN_FRAMEWORK_HEADER = YES;
				CLANG_WARN_RANGE_LOOP_ANALYSIS = YES;
				CLANG_WARN_STRICT_PROTOTYPES = YES;
				CLANG_WARN_SUSPICIOUS_MOVE = YES;
				CLANG_WARN_UNGUARDED_AVAILABILITY = YES_AGGRESSIVE;
				CLANG_WARN_UNREACHABLE_CODE = YES;
				CLANG_WARN__DUPLICATE_METHOD_MATCH = YES;
				COPY_PHASE_STRIP = NO;
				DEBUG_INFORMATION_FORMAT = "dwarf-with-dsym";
				ENABLE_NS_ASSERTIONS = NO;
				ENABLE_STRICT_OBJC_MSGSEND = YES;
				ENABLE_USER_SCRIPT_SANDBOXING = YES;
				GCC_C_LANGUAGE_STANDARD = gnu17;
				GCC_NO_COMMON_BLOCKS = YES;
				GCC_WARN_64_TO_32_BIT_CONVERSION = YES;
				GCC_WARN_ABOUT_RETURN_TYPE = YES_ERROR;
				GCC_WARN_UNDECLARED_SELECTOR = YES;
				GCC_WARN_UNINITIALIZED_AUTOS = YES_AGGRESSIVE;
				GCC_WARN_UNUSED_FUNCTION = YES;
				GCC_WARN_UNUSED_VARIABLE = YES;
				IPHONEOS_DEPLOYMENT_TARGET = 17.0;
				LOCALIZATION_PREFERS_STRING_CATALOGS = YES;
				MTL_ENABLE_DEBUG_INFO = NO;
				MTL_FAST_MATH = YES;
				SDKROOT = iphoneos;
				SWIFT_COMPILATION_MODE = wholemodule;
				VALIDATE_PRODUCT = YES;
			};
			name = Release;
		};
		862D8D172BB7007400747164 /* Debug */ = {
			isa = XCBuildConfiguration;
			buildSettings = {
				ASSETCATALOG_COMPILER_APPICON_NAME = AppIcon;
				ASSETCATALOG_COMPILER_GENERATE_ASSET_SYMBOLS = YES;
				ASSETCATALOG_COMPILER_GENERATE_SWIFT_ASSET_SYMBOL_EXTENSIONS = NO;
				ASSETCATALOG_COMPILER_GLOBAL_ACCENT_COLOR_NAME = AccentColor;
				CODE_SIGN_STYLE = Automatic;
				CURRENT_PROJECT_VERSION = 1;
				DEVELOPMENT_ASSET_PATHS = "\"VoiceMemo/Preview Content\"";
				DEVELOPMENT_TEAM = SC2M4P5Z8J;
				ENABLE_PREVIEWS = YES;
				GENERATE_INFOPLIST_FILE = YES;
				INFOPLIST_KEY_UIApplicationSceneManifest_Generation = YES;
				INFOPLIST_KEY_UIApplicationSupportsIndirectInputEvents = YES;
				INFOPLIST_KEY_UILaunchStoryboardName = LaunchScreen;
				INFOPLIST_KEY_UIStatusBarStyle = UIStatusBarStyleLightContent;
				INFOPLIST_KEY_UISupportedInterfaceOrientations = UIInterfaceOrientationPortrait;
				IPHONEOS_DEPLOYMENT_TARGET = 16.0;
				LD_RUNPATH_SEARCH_PATHS = (
					"$(inherited)",
					"@executable_path/Frameworks",
				);
				MARKETING_VERSION = 1.0;
				PRODUCT_BUNDLE_IDENTIFIER = com.torinunna.VoiceMemo;
				PRODUCT_NAME = "$(TARGET_NAME)";
				SWIFT_EMIT_LOC_STRINGS = YES;
				SWIFT_VERSION = 5.0;
				TARGETED_DEVICE_FAMILY = "1,2";
			};
			name = Debug;
		};
		862D8D182BB7007400747164 /* Release */ = {
			isa = XCBuildConfiguration;
			buildSettings = {
				ASSETCATALOG_COMPILER_APPICON_NAME = AppIcon;
				ASSETCATALOG_COMPILER_GENERATE_ASSET_SYMBOLS = YES;
				ASSETCATALOG_COMPILER_GENERATE_SWIFT_ASSET_SYMBOL_EXTENSIONS = NO;
				ASSETCATALOG_COMPILER_GLOBAL_ACCENT_COLOR_NAME = AccentColor;
				CODE_SIGN_STYLE = Automatic;
				CURRENT_PROJECT_VERSION = 1;
				DEVELOPMENT_ASSET_PATHS = "\"VoiceMemo/Preview Content\"";
				DEVELOPMENT_TEAM = SC2M4P5Z8J;
				ENABLE_PREVIEWS = YES;
				GENERATE_INFOPLIST_FILE = YES;
				INFOPLIST_KEY_UIApplicationSceneManifest_Generation = YES;
				INFOPLIST_KEY_UIApplicationSupportsIndirectInputEvents = YES;
				INFOPLIST_KEY_UILaunchStoryboardName = LaunchScreen;
				INFOPLIST_KEY_UIStatusBarStyle = UIStatusBarStyleLightContent;
				INFOPLIST_KEY_UISupportedInterfaceOrientations = UIInterfaceOrientationPortrait;
				IPHONEOS_DEPLOYMENT_TARGET = 16.0;
				LD_RUNPATH_SEARCH_PATHS = (
					"$(inherited)",
					"@executable_path/Frameworks",
				);
				MARKETING_VERSION = 1.0;
				PRODUCT_BUNDLE_IDENTIFIER = com.torinunna.VoiceMemo;
				PRODUCT_NAME = "$(TARGET_NAME)";
				SWIFT_EMIT_LOC_STRINGS = YES;
				SWIFT_VERSION = 5.0;
				TARGETED_DEVICE_FAMILY = "1,2";
			};
			name = Release;
		};
		862D8D1A2BB7007400747164 /* Debug */ = {
			isa = XCBuildConfiguration;
			buildSettings = {
				ALWAYS_EMBED_SWIFT_STANDARD_LIBRARIES = YES;
				BUNDLE_LOADER = "$(TEST_HOST)";
				CODE_SIGN_STYLE = Automatic;
				CURRENT_PROJECT_VERSION = 1;
				DEVELOPMENT_TEAM = SC2M4P5Z8J;
				GENERATE_INFOPLIST_FILE = YES;
				IPHONEOS_DEPLOYMENT_TARGET = 17.0;
				MARKETING_VERSION = 1.0;
				PRODUCT_BUNDLE_IDENTIFIER = com.torinunna.VoiceMemoTests;
				PRODUCT_NAME = "$(TARGET_NAME)";
				SWIFT_EMIT_LOC_STRINGS = NO;
				SWIFT_VERSION = 5.0;
				TARGETED_DEVICE_FAMILY = "1,2";
				TEST_HOST = "$(BUILT_PRODUCTS_DIR)/VoiceMemo.app/$(BUNDLE_EXECUTABLE_FOLDER_PATH)/VoiceMemo";
			};
			name = Debug;
		};
		862D8D1B2BB7007400747164 /* Release */ = {
			isa = XCBuildConfiguration;
			buildSettings = {
				ALWAYS_EMBED_SWIFT_STANDARD_LIBRARIES = YES;
				BUNDLE_LOADER = "$(TEST_HOST)";
				CODE_SIGN_STYLE = Automatic;
				CURRENT_PROJECT_VERSION = 1;
				DEVELOPMENT_TEAM = SC2M4P5Z8J;
				GENERATE_INFOPLIST_FILE = YES;
				IPHONEOS_DEPLOYMENT_TARGET = 17.0;
				MARKETING_VERSION = 1.0;
				PRODUCT_BUNDLE_IDENTIFIER = com.torinunna.VoiceMemoTests;
				PRODUCT_NAME = "$(TARGET_NAME)";
				SWIFT_EMIT_LOC_STRINGS = NO;
				SWIFT_VERSION = 5.0;
				TARGETED_DEVICE_FAMILY = "1,2";
				TEST_HOST = "$(BUILT_PRODUCTS_DIR)/VoiceMemo.app/$(BUNDLE_EXECUTABLE_FOLDER_PATH)/VoiceMemo";
			};
			name = Release;
		};
		862D8D1D2BB7007400747164 /* Debug */ = {
			isa = XCBuildConfiguration;
			buildSettings = {
				ALWAYS_EMBED_SWIFT_STANDARD_LIBRARIES = YES;
				CODE_SIGN_STYLE = Automatic;
				CURRENT_PROJECT_VERSION = 1;
				DEVELOPMENT_TEAM = SC2M4P5Z8J;
				GENERATE_INFOPLIST_FILE = YES;
				MARKETING_VERSION = 1.0;
				PRODUCT_BUNDLE_IDENTIFIER = com.torinunna.VoiceMemoUITests;
				PRODUCT_NAME = "$(TARGET_NAME)";
				SWIFT_EMIT_LOC_STRINGS = NO;
				SWIFT_VERSION = 5.0;
				TARGETED_DEVICE_FAMILY = "1,2";
				TEST_TARGET_NAME = VoiceMemo;
			};
			name = Debug;
		};
		862D8D1E2BB7007400747164 /* Release */ = {
			isa = XCBuildConfiguration;
			buildSettings = {
				ALWAYS_EMBED_SWIFT_STANDARD_LIBRARIES = YES;
				CODE_SIGN_STYLE = Automatic;
				CURRENT_PROJECT_VERSION = 1;
				DEVELOPMENT_TEAM = SC2M4P5Z8J;
				GENERATE_INFOPLIST_FILE = YES;
				MARKETING_VERSION = 1.0;
				PRODUCT_BUNDLE_IDENTIFIER = com.torinunna.VoiceMemoUITests;
				PRODUCT_NAME = "$(TARGET_NAME)";
				SWIFT_EMIT_LOC_STRINGS = NO;
				SWIFT_VERSION = 5.0;
				TARGETED_DEVICE_FAMILY = "1,2";
				TEST_TARGET_NAME = VoiceMemo;
			};
			name = Release;
		};
/* End XCBuildConfiguration section */

/* Begin XCConfigurationList section */
		862D8CED2BB7007200747164 /* Build configuration list for PBXProject "VoiceMemo" */ = {
			isa = XCConfigurationList;
			buildConfigurations = (
				862D8D142BB7007400747164 /* Debug */,
				862D8D152BB7007400747164 /* Release */,
			);
			defaultConfigurationIsVisible = 0;
			defaultConfigurationName = Release;
		};
		862D8D162BB7007400747164 /* Build configuration list for PBXNativeTarget "VoiceMemo" */ = {
			isa = XCConfigurationList;
			buildConfigurations = (
				862D8D172BB7007400747164 /* Debug */,
				862D8D182BB7007400747164 /* Release */,
			);
			defaultConfigurationIsVisible = 0;
			defaultConfigurationName = Release;
		};
		862D8D192BB7007400747164 /* Build configuration list for PBXNativeTarget "VoiceMemoTests" */ = {
			isa = XCConfigurationList;
			buildConfigurations = (
				862D8D1A2BB7007400747164 /* Debug */,
				862D8D1B2BB7007400747164 /* Release */,
			);
			defaultConfigurationIsVisible = 0;
			defaultConfigurationName = Release;
		};
		862D8D1C2BB7007400747164 /* Build configuration list for PBXNativeTarget "VoiceMemoUITests" */ = {
			isa = XCConfigurationList;
			buildConfigurations = (
				862D8D1D2BB7007400747164 /* Debug */,
				862D8D1E2BB7007400747164 /* Release */,
			);
			defaultConfigurationIsVisible = 0;
			defaultConfigurationName = Release;
		};
/* End XCConfigurationList section */
	};
	rootObject = 862D8CEA2BB7007200747164 /* Project object */;
}
